// !$*UTF8*$!
{
	archiveVersion = 1;
	classes = {
	};
	objectVersion = 46;
	objects = {

/* Begin PBXBuildFile section */
		B70244661B018CF600B9B47F /* main.m in Sources */ = {isa = PBXBuildFile; fileRef = B70244651B018CF600B9B47F /* main.m */; };
		B70244691B018CF600B9B47F /* AppDelegate.m in Sources */ = {isa = PBXBuildFile; fileRef = B70244681B018CF600B9B47F /* AppDelegate.m */; };
		B702446F1B018CF600B9B47F /* Main.storyboard in Resources */ = {isa = PBXBuildFile; fileRef = B702446D1B018CF600B9B47F /* Main.storyboard */; };
		B70244711B018CF600B9B47F /* Images.xcassets in Resources */ = {isa = PBXBuildFile; fileRef = B70244701B018CF600B9B47F /* Images.xcassets */; };
		B70244741B018CF600B9B47F /* LaunchScreen.xib in Resources */ = {isa = PBXBuildFile; fileRef = B70244721B018CF600B9B47F /* LaunchScreen.xib */; };
		B70244801B018CF600B9B47F /* RapiTagTests.m in Sources */ = {isa = PBXBuildFile; fileRef = B702447F1B018CF600B9B47F /* RapiTagTests.m */; };
		B702448B1B018D7700B9B47F /* EncoderViewController.m in Sources */ = {isa = PBXBuildFile; fileRef = B702448A1B018D7700B9B47F /* EncoderViewController.m */; };
		B7117D401B33362A00968426 /* NavigationController.m in Sources */ = {isa = PBXBuildFile; fileRef = B7117D3F1B33362A00968426 /* NavigationController.m */; };
		B77C52E81B7F0B200049D701 /* ConverterTests.m in Sources */ = {isa = PBXBuildFile; fileRef = B77C52E71B7F0B200049D701 /* ConverterTests.m */; };
		B77C52EA1B7F0B270049D701 /* EPCEncoderTests.m in Sources */ = {isa = PBXBuildFile; fileRef = B77C52E91B7F0B270049D701 /* EPCEncoderTests.m */; };
		B785F88B1BA0D6270020C753 /* CoreBluetooth.framework in Frameworks */ = {isa = PBXBuildFile; fileRef = B785F88A1BA0D6270020C753 /* CoreBluetooth.framework */; };
		B785F88D1BA0D6380020C753 /* ExternalAccessory.framework in Frameworks */ = {isa = PBXBuildFile; fileRef = B785F88C1BA0D6380020C753 /* ExternalAccessory.framework */; };
		B785F8911BA0D7E50020C753 /* libsymbolrfid-sdk.a in Frameworks */ = {isa = PBXBuildFile; fileRef = B785F88F1BA0D7E50020C753 /* libsymbolrfid-sdk.a */; };
		B7D5C9BD1BCE0C6A00EDCCC0 /* EPCEncoder.framework in Frameworks */ = {isa = PBXBuildFile; fileRef = B7D5C9BC1BCE0C6A00EDCCC0 /* EPCEncoder.framework */; };
		B7D5C9BE1BCE0CC300EDCCC0 /* EPCEncoder.framework in Frameworks */ = {isa = PBXBuildFile; fileRef = B7D5C9BC1BCE0C6A00EDCCC0 /* EPCEncoder.framework */; };
		B7F7714F1C1B8548006D8FF9 /* AVFoundation.framework in Frameworks */ = {isa = PBXBuildFile; fileRef = B7F7714E1C1B8548006D8FF9 /* AVFoundation.framework */; };
		B7F771511C1B855E006D8FF9 /* AudioToolbox.framework in Frameworks */ = {isa = PBXBuildFile; fileRef = B7F771501C1B855E006D8FF9 /* AudioToolbox.framework */; };
		B7F771531C1B856F006D8FF9 /* MediaPlayer.framework in Frameworks */ = {isa = PBXBuildFile; fileRef = B7F771521C1B856F006D8FF9 /* MediaPlayer.framework */; };
		B7F771551C1B857F006D8FF9 /* SystemConfiguration.framework in Frameworks */ = {isa = PBXBuildFile; fileRef = B7F771541C1B857F006D8FF9 /* SystemConfiguration.framework */; };
/* End PBXBuildFile section */

/* Begin PBXContainerItemProxy section */
		B702447A1B018CF600B9B47F /* PBXContainerItemProxy */ = {
			isa = PBXContainerItemProxy;
			containerPortal = B70244581B018CF600B9B47F /* Project object */;
			proxyType = 1;
			remoteGlobalIDString = B702445F1B018CF600B9B47F;
			remoteInfo = RapiTag;
		};
/* End PBXContainerItemProxy section */

/* Begin PBXFileReference section */
		B70244601B018CF600B9B47F /* RapiTag.app */ = {isa = PBXFileReference; explicitFileType = wrapper.application; includeInIndex = 0; path = RapiTag.app; sourceTree = BUILT_PRODUCTS_DIR; };
		B70244641B018CF600B9B47F /* Info.plist */ = {isa = PBXFileReference; lastKnownFileType = text.plist.xml; path = Info.plist; sourceTree = "<group>"; };
		B70244651B018CF600B9B47F /* main.m */ = {isa = PBXFileReference; lastKnownFileType = sourcecode.c.objc; path = main.m; sourceTree = "<group>"; };
		B70244671B018CF600B9B47F /* AppDelegate.h */ = {isa = PBXFileReference; lastKnownFileType = sourcecode.c.h; path = AppDelegate.h; sourceTree = "<group>"; };
		B70244681B018CF600B9B47F /* AppDelegate.m */ = {isa = PBXFileReference; lastKnownFileType = sourcecode.c.objc; path = AppDelegate.m; sourceTree = "<group>"; };
		B702446E1B018CF600B9B47F /* Base */ = {isa = PBXFileReference; lastKnownFileType = file.storyboard; name = Base; path = Base.lproj/Main.storyboard; sourceTree = "<group>"; };
		B70244701B018CF600B9B47F /* Images.xcassets */ = {isa = PBXFileReference; lastKnownFileType = folder.assetcatalog; path = Images.xcassets; sourceTree = "<group>"; };
		B70244731B018CF600B9B47F /* Base */ = {isa = PBXFileReference; lastKnownFileType = file.xib; name = Base; path = Base.lproj/LaunchScreen.xib; sourceTree = "<group>"; };
		B70244791B018CF600B9B47F /* RapiTagTests.xctest */ = {isa = PBXFileReference; explicitFileType = wrapper.cfbundle; includeInIndex = 0; path = RapiTagTests.xctest; sourceTree = BUILT_PRODUCTS_DIR; };
		B702447E1B018CF600B9B47F /* Info.plist */ = {isa = PBXFileReference; lastKnownFileType = text.plist.xml; path = Info.plist; sourceTree = "<group>"; };
		B702447F1B018CF600B9B47F /* RapiTagTests.m */ = {isa = PBXFileReference; lastKnownFileType = sourcecode.c.objc; path = RapiTagTests.m; sourceTree = "<group>"; };
		B70244891B018D7700B9B47F /* EncoderViewController.h */ = {isa = PBXFileReference; fileEncoding = 4; lastKnownFileType = sourcecode.c.h; path = EncoderViewController.h; sourceTree = "<group>"; };
		B702448A1B018D7700B9B47F /* EncoderViewController.m */ = {isa = PBXFileReference; fileEncoding = 4; lastKnownFileType = sourcecode.c.objc; path = EncoderViewController.m; sourceTree = "<group>"; };
		B7117D3E1B33362A00968426 /* NavigationController.h */ = {isa = PBXFileReference; fileEncoding = 4; lastKnownFileType = sourcecode.c.h; path = NavigationController.h; sourceTree = "<group>"; };
		B7117D3F1B33362A00968426 /* NavigationController.m */ = {isa = PBXFileReference; fileEncoding = 4; lastKnownFileType = sourcecode.c.objc; path = NavigationController.m; sourceTree = "<group>"; };
		B77B31DC1BBC0C150017348E /* Ugi.h */ = {isa = PBXFileReference; fileEncoding = 4; lastKnownFileType = sourcecode.c.h; path = Ugi.h; sourceTree = "<group>"; };
		B77B31DD1BBC0C150017348E /* Ugi_antennaTuning.h */ = {isa = PBXFileReference; fileEncoding = 4; lastKnownFileType = sourcecode.c.h; path = Ugi_antennaTuning.h; sourceTree = "<group>"; };
		B77B31DE1BBC0C150017348E /* Ugi_firmwareUpdate.h */ = {isa = PBXFileReference; fileEncoding = 4; lastKnownFileType = sourcecode.c.h; path = Ugi_firmwareUpdate.h; sourceTree = "<group>"; };
		B77B31DF1BBC0C150017348E /* Ugi_regions.h */ = {isa = PBXFileReference; fileEncoding = 4; lastKnownFileType = sourcecode.c.h; path = Ugi_regions.h; sourceTree = "<group>"; };
		B77B31E01BBC0C150017348E /* UgiConfigurationDelegate.h */ = {isa = PBXFileReference; fileEncoding = 4; lastKnownFileType = sourcecode.c.h; path = UgiConfigurationDelegate.h; sourceTree = "<group>"; };
		B77B31E11BBC0C150017348E /* UgiDefaultConfigurationUi.h */ = {isa = PBXFileReference; fileEncoding = 4; lastKnownFileType = sourcecode.c.h; path = UgiDefaultConfigurationUi.h; sourceTree = "<group>"; };
		B77B31E21BBC0C150017348E /* UgiEpc.h */ = {isa = PBXFileReference; fileEncoding = 4; lastKnownFileType = sourcecode.c.h; path = UgiEpc.h; sourceTree = "<group>"; };
		B77B31E31BBC0C150017348E /* UgiInventory.h */ = {isa = PBXFileReference; fileEncoding = 4; lastKnownFileType = sourcecode.c.h; path = UgiInventory.h; sourceTree = "<group>"; };
		B77B31E41BBC0C150017348E /* UgiInventoryDelegate.h */ = {isa = PBXFileReference; fileEncoding = 4; lastKnownFileType = sourcecode.c.h; path = UgiInventoryDelegate.h; sourceTree = "<group>"; };
		B77B31E51BBC0C150017348E /* UgiJson.h */ = {isa = PBXFileReference; fileEncoding = 4; lastKnownFileType = sourcecode.c.h; path = UgiJson.h; sourceTree = "<group>"; };
		B77B31E61BBC0C150017348E /* UgiRfidConfiguration.h */ = {isa = PBXFileReference; fileEncoding = 4; lastKnownFileType = sourcecode.c.h; path = UgiRfidConfiguration.h; sourceTree = "<group>"; };
		B77B31E71BBC0C150017348E /* UgiTag.h */ = {isa = PBXFileReference; fileEncoding = 4; lastKnownFileType = sourcecode.c.h; path = UgiTag.h; sourceTree = "<group>"; };
		B77B31E81BBC0C150017348E /* UgiTagReadState.h */ = {isa = PBXFileReference; fileEncoding = 4; lastKnownFileType = sourcecode.c.h; path = UgiTagReadState.h; sourceTree = "<group>"; };
		B77B31E91BBC0C150017348E /* UgiUiUtil.h */ = {isa = PBXFileReference; fileEncoding = 4; lastKnownFileType = sourcecode.c.h; path = UgiUiUtil.h; sourceTree = "<group>"; };
		B77B31EA1BBC0C150017348E /* UgiUtil.h */ = {isa = PBXFileReference; fileEncoding = 4; lastKnownFileType = sourcecode.c.h; path = UgiUtil.h; sourceTree = "<group>"; };
		B77C52E71B7F0B200049D701 /* ConverterTests.m */ = {isa = PBXFileReference; fileEncoding = 4; lastKnownFileType = sourcecode.c.objc; path = ConverterTests.m; sourceTree = "<group>"; };
		B77C52E91B7F0B270049D701 /* EPCEncoderTests.m */ = {isa = PBXFileReference; fileEncoding = 4; lastKnownFileType = sourcecode.c.objc; path = EPCEncoderTests.m; sourceTree = "<group>"; };
		B785F88A1BA0D6270020C753 /* CoreBluetooth.framework */ = {isa = PBXFileReference; lastKnownFileType = wrapper.framework; name = CoreBluetooth.framework; path = System/Library/Frameworks/CoreBluetooth.framework; sourceTree = SDKROOT; };
		B785F88C1BA0D6380020C753 /* ExternalAccessory.framework */ = {isa = PBXFileReference; lastKnownFileType = wrapper.framework; name = ExternalAccessory.framework; path = System/Library/Frameworks/ExternalAccessory.framework; sourceTree = SDKROOT; };
		B785F88F1BA0D7E50020C753 /* libsymbolrfid-sdk.a */ = {isa = PBXFileReference; lastKnownFileType = archive.ar; name = "libsymbolrfid-sdk.a"; path = "Zebra/libsymbolrfid-sdk.a"; sourceTree = "<group>"; };
		B7D5C9BC1BCE0C6A00EDCCC0 /* EPCEncoder.framework */ = {isa = PBXFileReference; lastKnownFileType = wrapper.framework; path = EPCEncoder.framework; sourceTree = "<group>"; };
		B7F7714E1C1B8548006D8FF9 /* AVFoundation.framework */ = {isa = PBXFileReference; lastKnownFileType = wrapper.framework; name = AVFoundation.framework; path = System/Library/Frameworks/AVFoundation.framework; sourceTree = SDKROOT; };
		B7F771501C1B855E006D8FF9 /* AudioToolbox.framework */ = {isa = PBXFileReference; lastKnownFileType = wrapper.framework; name = AudioToolbox.framework; path = System/Library/Frameworks/AudioToolbox.framework; sourceTree = SDKROOT; };
		B7F771521C1B856F006D8FF9 /* MediaPlayer.framework */ = {isa = PBXFileReference; lastKnownFileType = wrapper.framework; name = MediaPlayer.framework; path = System/Library/Frameworks/MediaPlayer.framework; sourceTree = SDKROOT; };
		B7F771541C1B857F006D8FF9 /* SystemConfiguration.framework */ = {isa = PBXFileReference; lastKnownFileType = wrapper.framework; name = SystemConfiguration.framework; path = System/Library/Frameworks/SystemConfiguration.framework; sourceTree = SDKROOT; };
/* End PBXFileReference section */

/* Begin PBXFrameworksBuildPhase section */
		B702445D1B018CF600B9B47F /* Frameworks */ = {
			isa = PBXFrameworksBuildPhase;
			buildActionMask = 2147483647;
			files = (
				B7F771551C1B857F006D8FF9 /* SystemConfiguration.framework in Frameworks */,
				B7F771531C1B856F006D8FF9 /* MediaPlayer.framework in Frameworks */,
				B7F771511C1B855E006D8FF9 /* AudioToolbox.framework in Frameworks */,
				B7F7714F1C1B8548006D8FF9 /* AVFoundation.framework in Frameworks */,
				B7D5C9BD1BCE0C6A00EDCCC0 /* EPCEncoder.framework in Frameworks */,
				B785F8911BA0D7E50020C753 /* libsymbolrfid-sdk.a in Frameworks */,
				B785F88B1BA0D6270020C753 /* CoreBluetooth.framework in Frameworks */,
				B785F88D1BA0D6380020C753 /* ExternalAccessory.framework in Frameworks */,
			);
			runOnlyForDeploymentPostprocessing = 0;
		};
		B70244761B018CF600B9B47F /* Frameworks */ = {
			isa = PBXFrameworksBuildPhase;
			buildActionMask = 2147483647;
			files = (
				B7D5C9BE1BCE0CC300EDCCC0 /* EPCEncoder.framework in Frameworks */,
			);
			runOnlyForDeploymentPostprocessing = 0;
		};
/* End PBXFrameworksBuildPhase section */

/* Begin PBXGroup section */
		B70244571B018CF600B9B47F = {
			isa = PBXGroup;
			children = (
				B70244621B018CF600B9B47F /* RapiTag */,
				B702447C1B018CF600B9B47F /* RapiTagTests */,
				B7D5C9BB1BCE0C4B00EDCCC0 /* EPCEncoder */,
				B70244611B018CF600B9B47F /* Products */,
				B7F7714D1C1B851B006D8FF9 /* Scanner */,
				B785F8891BA0D6060020C753 /* Zebra */,
			);
			sourceTree = "<group>";
		};
		B70244611B018CF600B9B47F /* Products */ = {
			isa = PBXGroup;
			children = (
				B70244601B018CF600B9B47F /* RapiTag.app */,
				B70244791B018CF600B9B47F /* RapiTagTests.xctest */,
			);
			name = Products;
			sourceTree = "<group>";
		};
		B70244621B018CF600B9B47F /* RapiTag */ = {
			isa = PBXGroup;
			children = (
				B70244671B018CF600B9B47F /* AppDelegate.h */,
				B70244681B018CF600B9B47F /* AppDelegate.m */,
				B70244891B018D7700B9B47F /* EncoderViewController.h */,
				B702448A1B018D7700B9B47F /* EncoderViewController.m */,
				B7117D3E1B33362A00968426 /* NavigationController.h */,
				B7117D3F1B33362A00968426 /* NavigationController.m */,
				B702446D1B018CF600B9B47F /* Main.storyboard */,
				B70244701B018CF600B9B47F /* Images.xcassets */,
				B70244721B018CF600B9B47F /* LaunchScreen.xib */,
				B70244631B018CF600B9B47F /* Supporting Files */,
			);
			path = RapiTag;
			sourceTree = "<group>";
		};
		B70244631B018CF600B9B47F /* Supporting Files */ = {
			isa = PBXGroup;
			children = (
				B70244641B018CF600B9B47F /* Info.plist */,
				B70244651B018CF600B9B47F /* main.m */,
			);
			name = "Supporting Files";
			sourceTree = "<group>";
		};
		B702447C1B018CF600B9B47F /* RapiTagTests */ = {
			isa = PBXGroup;
			children = (
				B77C52E71B7F0B200049D701 /* ConverterTests.m */,
				B77C52E91B7F0B270049D701 /* EPCEncoderTests.m */,
				B702447F1B018CF600B9B47F /* RapiTagTests.m */,
				B702447D1B018CF600B9B47F /* Supporting Files */,
			);
			path = RapiTagTests;
			sourceTree = "<group>";
		};
		B702447D1B018CF600B9B47F /* Supporting Files */ = {
			isa = PBXGroup;
			children = (
				B702447E1B018CF600B9B47F /* Info.plist */,
			);
			name = "Supporting Files";
			sourceTree = "<group>";
		};
		B77B31DB1BBC0C150017348E /* include */ = {
			isa = PBXGroup;
			children = (
				B77B31DC1BBC0C150017348E /* Ugi.h */,
				B77B31DD1BBC0C150017348E /* Ugi_antennaTuning.h */,
				B77B31DE1BBC0C150017348E /* Ugi_firmwareUpdate.h */,
				B77B31DF1BBC0C150017348E /* Ugi_regions.h */,
				B77B31E01BBC0C150017348E /* UgiConfigurationDelegate.h */,
				B77B31E11BBC0C150017348E /* UgiDefaultConfigurationUi.h */,
				B77B31E21BBC0C150017348E /* UgiEpc.h */,
				B77B31E31BBC0C150017348E /* UgiInventory.h */,
				B77B31E41BBC0C150017348E /* UgiInventoryDelegate.h */,
				B77B31E51BBC0C150017348E /* UgiJson.h */,
				B77B31E61BBC0C150017348E /* UgiRfidConfiguration.h */,
				B77B31E71BBC0C150017348E /* UgiTag.h */,
				B77B31E81BBC0C150017348E /* UgiTagReadState.h */,
				B77B31E91BBC0C150017348E /* UgiUiUtil.h */,
				B77B31EA1BBC0C150017348E /* UgiUtil.h */,
			);
			name = include;
			path = uGrokit/include;
			sourceTree = "<group>";
		};
		B785F8891BA0D6060020C753 /* Zebra */ = {
			isa = PBXGroup;
			children = (
				B785F88F1BA0D7E50020C753 /* libsymbolrfid-sdk.a */,
				B77B31DB1BBC0C150017348E /* include */,
				B785F88A1BA0D6270020C753 /* CoreBluetooth.framework */,
				B785F88C1BA0D6380020C753 /* ExternalAccessory.framework */,
			);
			name = Zebra;
			sourceTree = "<group>";
		};
		B7D5C9BB1BCE0C4B00EDCCC0 /* EPCEncoder */ = {
			isa = PBXGroup;
			children = (
				B7D5C9BC1BCE0C6A00EDCCC0 /* EPCEncoder.framework */,
			);
			name = EPCEncoder;
			sourceTree = "<group>";
		};
		B7F7714D1C1B851B006D8FF9 /* Scanner */ = {
			isa = PBXGroup;
			children = (
				B7F7714E1C1B8548006D8FF9 /* AVFoundation.framework */,
				B7F771501C1B855E006D8FF9 /* AudioToolbox.framework */,
				B7F771521C1B856F006D8FF9 /* MediaPlayer.framework */,
				B7F771541C1B857F006D8FF9 /* SystemConfiguration.framework */,
			);
			name = Scanner;
			sourceTree = "<group>";
		};
/* End PBXGroup section */

/* Begin PBXNativeTarget section */
		B702445F1B018CF600B9B47F /* RapiTag */ = {
			isa = PBXNativeTarget;
			buildConfigurationList = B70244831B018CF600B9B47F /* Build configuration list for PBXNativeTarget "RapiTag" */;
			buildPhases = (
				B702445C1B018CF600B9B47F /* Sources */,
				B702445D1B018CF600B9B47F /* Frameworks */,
				B702445E1B018CF600B9B47F /* Resources */,
			);
			buildRules = (
			);
			dependencies = (
			);
			name = RapiTag;
			productName = RapiTag;
			productReference = B70244601B018CF600B9B47F /* RapiTag.app */;
			productType = "com.apple.product-type.application";
		};
		B70244781B018CF600B9B47F /* RapiTagTests */ = {
			isa = PBXNativeTarget;
			buildConfigurationList = B70244861B018CF600B9B47F /* Build configuration list for PBXNativeTarget "RapiTagTests" */;
			buildPhases = (
				B70244751B018CF600B9B47F /* Sources */,
				B70244761B018CF600B9B47F /* Frameworks */,
				B70244771B018CF600B9B47F /* Resources */,
			);
			buildRules = (
			);
			dependencies = (
				B702447B1B018CF600B9B47F /* PBXTargetDependency */,
			);
			name = RapiTagTests;
			productName = RapiTagTests;
			productReference = B70244791B018CF600B9B47F /* RapiTagTests.xctest */;
			productType = "com.apple.product-type.bundle.unit-test";
		};
/* End PBXNativeTarget section */

/* Begin PBXProject section */
		B70244581B018CF600B9B47F /* Project object */ = {
			isa = PBXProject;
			attributes = {
				LastUpgradeCheck = 0710;
				ORGANIZATIONNAME = Tim.Milne;
				TargetAttributes = {
					B702445F1B018CF600B9B47F = {
						CreatedOnToolsVersion = 6.2;
						DevelopmentTeam = 56H62Y5EBN;
					};
					B70244781B018CF600B9B47F = {
						CreatedOnToolsVersion = 6.2;
						TestTargetID = B702445F1B018CF600B9B47F;
					};
				};
			};
			buildConfigurationList = B702445B1B018CF600B9B47F /* Build configuration list for PBXProject "RapiTag" */;
			compatibilityVersion = "Xcode 3.2";
			developmentRegion = English;
			hasScannedForEncodings = 0;
			knownRegions = (
				en,
				Base,
			);
			mainGroup = B70244571B018CF600B9B47F;
			productRefGroup = B70244611B018CF600B9B47F /* Products */;
			projectDirPath = "";
			projectRoot = "";
			targets = (
				B702445F1B018CF600B9B47F /* RapiTag */,
				B70244781B018CF600B9B47F /* RapiTagTests */,
			);
		};
/* End PBXProject section */

/* Begin PBXResourcesBuildPhase section */
		B702445E1B018CF600B9B47F /* Resources */ = {
			isa = PBXResourcesBuildPhase;
			buildActionMask = 2147483647;
			files = (
				B702446F1B018CF600B9B47F /* Main.storyboard in Resources */,
				B70244741B018CF600B9B47F /* LaunchScreen.xib in Resources */,
				B70244711B018CF600B9B47F /* Images.xcassets in Resources */,
			);
			runOnlyForDeploymentPostprocessing = 0;
		};
		B70244771B018CF600B9B47F /* Resources */ = {
			isa = PBXResourcesBuildPhase;
			buildActionMask = 2147483647;
			files = (
			);
			runOnlyForDeploymentPostprocessing = 0;
		};
/* End PBXResourcesBuildPhase section */

/* Begin PBXSourcesBuildPhase section */
		B702445C1B018CF600B9B47F /* Sources */ = {
			isa = PBXSourcesBuildPhase;
			buildActionMask = 2147483647;
			files = (
				B702448B1B018D7700B9B47F /* EncoderViewController.m in Sources */,
				B70244691B018CF600B9B47F /* AppDelegate.m in Sources */,
				B7117D401B33362A00968426 /* NavigationController.m in Sources */,
				B70244661B018CF600B9B47F /* main.m in Sources */,
			);
			runOnlyForDeploymentPostprocessing = 0;
		};
		B70244751B018CF600B9B47F /* Sources */ = {
			isa = PBXSourcesBuildPhase;
			buildActionMask = 2147483647;
			files = (
				B77C52EA1B7F0B270049D701 /* EPCEncoderTests.m in Sources */,
				B77C52E81B7F0B200049D701 /* ConverterTests.m in Sources */,
				B70244801B018CF600B9B47F /* RapiTagTests.m in Sources */,
			);
			runOnlyForDeploymentPostprocessing = 0;
		};
/* End PBXSourcesBuildPhase section */

/* Begin PBXTargetDependency section */
		B702447B1B018CF600B9B47F /* PBXTargetDependency */ = {
			isa = PBXTargetDependency;
			target = B702445F1B018CF600B9B47F /* RapiTag */;
			targetProxy = B702447A1B018CF600B9B47F /* PBXContainerItemProxy */;
		};
/* End PBXTargetDependency section */

/* Begin PBXVariantGroup section */
		B702446D1B018CF600B9B47F /* Main.storyboard */ = {
			isa = PBXVariantGroup;
			children = (
				B702446E1B018CF600B9B47F /* Base */,
			);
			name = Main.storyboard;
			sourceTree = "<group>";
		};
		B70244721B018CF600B9B47F /* LaunchScreen.xib */ = {
			isa = PBXVariantGroup;
			children = (
				B70244731B018CF600B9B47F /* Base */,
			);
			name = LaunchScreen.xib;
			sourceTree = "<group>";
		};
/* End PBXVariantGroup section */

/* Begin XCBuildConfiguration section */
		B70244811B018CF600B9B47F /* Debug */ = {
			isa = XCBuildConfiguration;
			buildSettings = {
				ALWAYS_SEARCH_USER_PATHS = NO;
				CLANG_CXX_LANGUAGE_STANDARD = "gnu++0x";
				CLANG_CXX_LIBRARY = "libc++";
				CLANG_ENABLE_MODULES = YES;
				CLANG_ENABLE_OBJC_ARC = YES;
				CLANG_WARN_BOOL_CONVERSION = YES;
				CLANG_WARN_CONSTANT_CONVERSION = YES;
				CLANG_WARN_DIRECT_OBJC_ISA_USAGE = YES_ERROR;
				CLANG_WARN_EMPTY_BODY = YES;
				CLANG_WARN_ENUM_CONVERSION = YES;
				CLANG_WARN_INT_CONVERSION = YES;
				CLANG_WARN_OBJC_ROOT_CLASS = YES_ERROR;
				CLANG_WARN_UNREACHABLE_CODE = YES;
				CLANG_WARN__DUPLICATE_METHOD_MATCH = YES;
				"CODE_SIGN_IDENTITY[sdk=iphoneos*]" = "iPhone Developer";
				COPY_PHASE_STRIP = NO;
				ENABLE_BITCODE = NO;
				ENABLE_STRICT_OBJC_MSGSEND = YES;
				ENABLE_TESTABILITY = YES;
				GCC_C_LANGUAGE_STANDARD = gnu99;
				GCC_DYNAMIC_NO_PIC = NO;
				GCC_OPTIMIZATION_LEVEL = 0;
				GCC_PREPROCESSOR_DEFINITIONS = (
					"DEBUG=1",
					"$(inherited)",
				);
				GCC_SYMBOLS_PRIVATE_EXTERN = NO;
				GCC_WARN_64_TO_32_BIT_CONVERSION = YES;
				GCC_WARN_ABOUT_RETURN_TYPE = YES_ERROR;
				GCC_WARN_UNDECLARED_SELECTOR = YES;
				GCC_WARN_UNINITIALIZED_AUTOS = YES_AGGRESSIVE;
				GCC_WARN_UNUSED_FUNCTION = YES;
				GCC_WARN_UNUSED_VARIABLE = YES;
				IPHONEOS_DEPLOYMENT_TARGET = 8.3;
				MTL_ENABLE_DEBUG_INFO = YES;
				ONLY_ACTIVE_ARCH = YES;
				SDKROOT = iphoneos;
				TARGETED_DEVICE_FAMILY = "1,2";
			};
			name = Debug;
		};
		B70244821B018CF600B9B47F /* Release */ = {
			isa = XCBuildConfiguration;
			buildSettings = {
				ALWAYS_SEARCH_USER_PATHS = NO;
				CLANG_CXX_LANGUAGE_STANDARD = "gnu++0x";
				CLANG_CXX_LIBRARY = "libc++";
				CLANG_ENABLE_MODULES = YES;
				CLANG_ENABLE_OBJC_ARC = YES;
				CLANG_WARN_BOOL_CONVERSION = YES;
				CLANG_WARN_CONSTANT_CONVERSION = YES;
				CLANG_WARN_DIRECT_OBJC_ISA_USAGE = YES_ERROR;
				CLANG_WARN_EMPTY_BODY = YES;
				CLANG_WARN_ENUM_CONVERSION = YES;
				CLANG_WARN_INT_CONVERSION = YES;
				CLANG_WARN_OBJC_ROOT_CLASS = YES_ERROR;
				CLANG_WARN_UNREACHABLE_CODE = YES;
				CLANG_WARN__DUPLICATE_METHOD_MATCH = YES;
				"CODE_SIGN_IDENTITY[sdk=iphoneos*]" = "iPhone Developer";
				COPY_PHASE_STRIP = NO;
				ENABLE_BITCODE = NO;
				ENABLE_NS_ASSERTIONS = NO;
				ENABLE_STRICT_OBJC_MSGSEND = YES;
				GCC_C_LANGUAGE_STANDARD = gnu99;
				GCC_WARN_64_TO_32_BIT_CONVERSION = YES;
				GCC_WARN_ABOUT_RETURN_TYPE = YES_ERROR;
				GCC_WARN_UNDECLARED_SELECTOR = YES;
				GCC_WARN_UNINITIALIZED_AUTOS = YES_AGGRESSIVE;
				GCC_WARN_UNUSED_FUNCTION = YES;
				GCC_WARN_UNUSED_VARIABLE = YES;
				IPHONEOS_DEPLOYMENT_TARGET = 8.3;
				MTL_ENABLE_DEBUG_INFO = NO;
				SDKROOT = iphoneos;
				TARGETED_DEVICE_FAMILY = "1,2";
				VALIDATE_PRODUCT = YES;
			};
			name = Release;
		};
		B70244841B018CF600B9B47F /* Debug */ = {
			isa = XCBuildConfiguration;
			buildSettings = {
				ASSETCATALOG_COMPILER_APPICON_NAME = AppIcon;
				CODE_SIGN_IDENTITY = "iPhone Developer";
				DEBUG_INFORMATION_FORMAT = dwarf;
				FRAMEWORK_SEARCH_PATHS = (
					"$(inherited)",
					"$(PROJECT_DIR)",
				);
				INFOPLIST_FILE = RapiTag/Info.plist;
				LD_RUNPATH_SEARCH_PATHS = "$(inherited) @executable_path/Frameworks";
				LIBRARY_SEARCH_PATHS = (
					"$(inherited)",
					"$(PROJECT_DIR)",
					"$(PROJECT_DIR)/Zebra",
				);
				OTHER_LDFLAGS = "-ObjC";
				PRODUCT_BUNDLE_IDENTIFIER = "com.target.stores.$(PRODUCT_NAME:rfc1034identifier:lower).daily";
				PRODUCT_NAME = "$(TARGET_NAME)";
				USER_HEADER_SEARCH_PATHS = "Zebra/include/**";
			};
			name = Debug;
		};
		B70244851B018CF600B9B47F /* Release */ = {
			isa = XCBuildConfiguration;
			buildSettings = {
				ASSETCATALOG_COMPILER_APPICON_NAME = AppIcon;
				CODE_SIGN_IDENTITY = "iPhone Developer";
				FRAMEWORK_SEARCH_PATHS = (
					"$(inherited)",
					"$(PROJECT_DIR)",
				);
				INFOPLIST_FILE = RapiTag/Info.plist;
				LD_RUNPATH_SEARCH_PATHS = "$(inherited) @executable_path/Frameworks";
				LIBRARY_SEARCH_PATHS = (
					"$(inherited)",
					"$(PROJECT_DIR)",
					"$(PROJECT_DIR)/Zebra",
				);
				OTHER_LDFLAGS = "-ObjC";
				PRODUCT_BUNDLE_IDENTIFIER = "com.target.stores.$(PRODUCT_NAME:rfc1034identifier:lower).daily";
				PRODUCT_NAME = "$(TARGET_NAME)";
				USER_HEADER_SEARCH_PATHS = "Zebra/include/**";
			};
			name = Release;
		};
		B70244871B018CF600B9B47F /* Debug */ = {
			isa = XCBuildConfiguration;
			buildSettings = {
				BUNDLE_LOADER = "$(TEST_HOST)";
				FRAMEWORK_SEARCH_PATHS = (
					"$(inherited)",
					"$(PROJECT_DIR)",
				);
				GCC_PREPROCESSOR_DEFINITIONS = (
					"DEBUG=1",
					"$(inherited)",
				);
				INFOPLIST_FILE = RapiTagTests/Info.plist;
				LD_RUNPATH_SEARCH_PATHS = "$(inherited) @executable_path/Frameworks @loader_path/Frameworks";
				PRODUCT_BUNDLE_IDENTIFIER = "com.target.stores.$(PRODUCT_NAME:rfc1034identifier:lower)";
				PRODUCT_NAME = "$(TARGET_NAME)";
				TEST_HOST = "$(BUILT_PRODUCTS_DIR)/RapiTag.app/RapiTag";
			};
			name = Debug;
		};
		B70244881B018CF600B9B47F /* Release */ = {
			isa = XCBuildConfiguration;
			buildSettings = {
				BUNDLE_LOADER = "$(TEST_HOST)";
				FRAMEWORK_SEARCH_PATHS = (
					"$(inherited)",
					"$(PROJECT_DIR)",
				);
				INFOPLIST_FILE = RapiTagTests/Info.plist;
				LD_RUNPATH_SEARCH_PATHS = "$(inherited) @executable_path/Frameworks @loader_path/Frameworks";
				PRODUCT_BUNDLE_IDENTIFIER = "com.target.stores.$(PRODUCT_NAME:rfc1034identifier:lower)";
				PRODUCT_NAME = "$(TARGET_NAME)";
				TEST_HOST = "$(BUILT_PRODUCTS_DIR)/RapiTag.app/RapiTag";
			};
			name = Release;
		};
/* End XCBuildConfiguration section */

/* Begin XCConfigurationList section */
		B702445B1B018CF600B9B47F /* Build configuration list for PBXProject "RapiTag" */ = {
			isa = XCConfigurationList;
			buildConfigurations = (
				B70244811B018CF600B9B47F /* Debug */,
				B70244821B018CF600B9B47F /* Release */,
			);
			defaultConfigurationIsVisible = 0;
			defaultConfigurationName = Release;
		};
		B70244831B018CF600B9B47F /* Build configuration list for PBXNativeTarget "RapiTag" */ = {
			isa = XCConfigurationList;
			buildConfigurations = (
				B70244841B018CF600B9B47F /* Debug */,
				B70244851B018CF600B9B47F /* Release */,
			);
			defaultConfigurationIsVisible = 0;
			defaultConfigurationName = Release;
		};
		B70244861B018CF600B9B47F /* Build configuration list for PBXNativeTarget "RapiTagTests" */ = {
			isa = XCConfigurationList;
			buildConfigurations = (
				B70244871B018CF600B9B47F /* Debug */,
				B70244881B018CF600B9B47F /* Release */,
			);
			defaultConfigurationIsVisible = 0;
			defaultConfigurationName = Release;
		};
/* End XCConfigurationList section */
	};
	rootObject = B70244581B018CF600B9B47F /* Project object */;
}
